
Microsoft Visual Studio Solution File, Format Version 12.00
# Visual Studio Version 16
VisualStudioVersion = 16.0.28711.60
MinimumVisualStudioVersion = 10.0.40219.1
Project("{9A19103F-16F7-4668-BE54-9A1E7A4F7556}") = "Adfectus.OpenGLNet", "Adfectus.OpenGLNet.csproj", "{4E856A5A-CC68-467A-BB6C-EFBBDFF65D69}"
EndProject
Global
	GlobalSection(SolutionConfigurationPlatforms) = preSolution
		Debug|Any CPU = Debug|Any CPU
		Release|Any CPU = Release|Any CPU
	EndGlobalSection
	GlobalSection(ProjectConfigurationPlatforms) = postSolution
		{4E856A5A-CC68-467A-BB6C-EFBBDFF65D69}.Debug|Any CPU.ActiveCfg = Debug|Any CPU
		{4E856A5A-CC68-467A-BB6C-EFBBDFF65D69}.Debug|Any CPU.Build.0 = Debug|Any CPU
		{4E856A5A-CC68-467A-BB6C-EFBBDFF65D69}.Release|Any CPU.ActiveCfg = Release|Any CPU
		{4E856A5A-CC68-467A-BB6C-EFBBDFF65D69}.Release|Any CPU.Build.0 = Release|Any CPU
	EndGlobalSection
	GlobalSection(SolutionProperties) = preSolution
		HideSolutionNode = FALSE
	EndGlobalSection
	GlobalSection(ExtensibilityGlobals) = postSolution
		SolutionGuid = {994F8534-E8BA-417E-BB7A-B9EF4DC82F00}
	EndGlobalSection
EndGlobal
