
Microsoft Visual Studio Solution File, Format Version 12.00
# Visual Studio Version 16
VisualStudioVersion = 16.0.28621.142
MinimumVisualStudioVersion = 10.0.40219.1
Project("{9A19103F-16F7-4668-BE54-9A1E7A4F7556}") = "Adfectus", "Adfectus\Adfectus.csproj", "{4FD4577E-25D5-4EFE-9DF0-CADD906FB059}"
EndProject
Project("{9A19103F-16F7-4668-BE54-9A1E7A4F7556}") = "Adfectus.ExecTest", "Adfectus.ExecTest\Adfectus.ExecTest.csproj", "{C95AF97D-62B3-4AAB-AD51-D539E87B6514}"
EndProject
Project("{9A19103F-16F7-4668-BE54-9A1E7A4F7556}") = "Adfectus.Tests", "Adfectus.Tests\Adfectus.Tests.csproj", "{F982DD1D-F57B-4C6F-ADB5-694B37CE6D13}"
EndProject
Project("{9A19103F-16F7-4668-BE54-9A1E7A4F7556}") = "Adfectus.Platform.DesktopGL", "Adfectus.Platform.DesktopGL\Adfectus.Platform.DesktopGL.csproj", "{5DB11BBC-C0E9-427E-8451-506443575E15}"
EndProject
Project("{9A19103F-16F7-4668-BE54-9A1E7A4F7556}") = "Rationale", "Rationale\Rationale.csproj", "{BE782DC1-8508-461C-AA7B-2217FB62F295}"
EndProject
Project("{9A19103F-16F7-4668-BE54-9A1E7A4F7556}") = "Adfectus.ImGuiNet", "Adfectus.ImGuiNet\Adfectus.ImGuiNet.csproj", "{DFC7FA3D-031D-4E87-B0F9-DBEE9E0E692D}"
EndProject
Project("{9A19103F-16F7-4668-BE54-9A1E7A4F7556}") = "Adfectus.Steam", "Adfectus.Steam\Adfectus.Steam.csproj", "{54D8C646-90D0-4718-9CC7-55701778DB8B}"
EndProject
Global
	GlobalSection(SolutionConfigurationPlatforms) = preSolution
		Debug|Any CPU = Debug|Any CPU
		Release|Any CPU = Release|Any CPU
	EndGlobalSection
	GlobalSection(ProjectConfigurationPlatforms) = postSolution
		{4FD4577E-25D5-4EFE-9DF0-CADD906FB059}.Debug|Any CPU.ActiveCfg = Debug|Any CPU
		{4FD4577E-25D5-4EFE-9DF0-CADD906FB059}.Debug|Any CPU.Build.0 = Debug|Any CPU
		{4FD4577E-25D5-4EFE-9DF0-CADD906FB059}.Release|Any CPU.ActiveCfg = Release|Any CPU
		{4FD4577E-25D5-4EFE-9DF0-CADD906FB059}.Release|Any CPU.Build.0 = Release|Any CPU
		{C95AF97D-62B3-4AAB-AD51-D539E87B6514}.Debug|Any CPU.ActiveCfg = Debug|Any CPU
		{C95AF97D-62B3-4AAB-AD51-D539E87B6514}.Debug|Any CPU.Build.0 = Debug|Any CPU
		{C95AF97D-62B3-4AAB-AD51-D539E87B6514}.Release|Any CPU.ActiveCfg = Release|Any CPU
		{F982DD1D-F57B-4C6F-ADB5-694B37CE6D13}.Debug|Any CPU.ActiveCfg = Debug|Any CPU
		{F982DD1D-F57B-4C6F-ADB5-694B37CE6D13}.Debug|Any CPU.Build.0 = Debug|Any CPU
		{F982DD1D-F57B-4C6F-ADB5-694B37CE6D13}.Release|Any CPU.ActiveCfg = Release|Any CPU
		{5DB11BBC-C0E9-427E-8451-506443575E15}.Debug|Any CPU.ActiveCfg = Debug|Any CPU
		{5DB11BBC-C0E9-427E-8451-506443575E15}.Debug|Any CPU.Build.0 = Debug|Any CPU
		{5DB11BBC-C0E9-427E-8451-506443575E15}.Release|Any CPU.ActiveCfg = Release|Any CPU
		{5DB11BBC-C0E9-427E-8451-506443575E15}.Release|Any CPU.Build.0 = Release|Any CPU
		{BE782DC1-8508-461C-AA7B-2217FB62F295}.Debug|Any CPU.ActiveCfg = Debug|Any CPU
		{BE782DC1-8508-461C-AA7B-2217FB62F295}.Debug|Any CPU.Build.0 = Debug|Any CPU
		{BE782DC1-8508-461C-AA7B-2217FB62F295}.Release|Any CPU.ActiveCfg = Release|Any CPU
		{BE782DC1-8508-461C-AA7B-2217FB62F295}.Release|Any CPU.Build.0 = Release|Any CPU
		{DFC7FA3D-031D-4E87-B0F9-DBEE9E0E692D}.Debug|Any CPU.ActiveCfg = Debug|Any CPU
		{DFC7FA3D-031D-4E87-B0F9-DBEE9E0E692D}.Debug|Any CPU.Build.0 = Debug|Any CPU
		{DFC7FA3D-031D-4E87-B0F9-DBEE9E0E692D}.Release|Any CPU.ActiveCfg = Release|Any CPU
		{DFC7FA3D-031D-4E87-B0F9-DBEE9E0E692D}.Release|Any CPU.Build.0 = Release|Any CPU
		{54D8C646-90D0-4718-9CC7-55701778DB8B}.Debug|Any CPU.ActiveCfg = Debug|Any CPU
		{54D8C646-90D0-4718-9CC7-55701778DB8B}.Debug|Any CPU.Build.0 = Debug|Any CPU
		{54D8C646-90D0-4718-9CC7-55701778DB8B}.Release|Any CPU.ActiveCfg = Release|Any CPU
		{54D8C646-90D0-4718-9CC7-55701778DB8B}.Release|Any CPU.Build.0 = Release|Any CPU
	EndGlobalSection
	GlobalSection(SolutionProperties) = preSolution
		HideSolutionNode = FALSE
	EndGlobalSection
	GlobalSection(ExtensibilityGlobals) = postSolution
		SolutionGuid = {94309D35-719C-475A-BB03-E928E28FC163}
	EndGlobalSection
EndGlobal
