Microsoft Visual Studio Solution File, Format Version 12.00
# Visual Studio 15
VisualStudioVersion = 15.0.27428.1
MinimumVisualStudioVersion = 10.0.40219.1
Project("{FAE04EC0-301F-11D3-BF4B-00C04F79EFBC}") = "EmotionCore", "EmotionCore\EmotionCore.csproj", "{723C67BD-47EE-482D-BC0D-728211D7F5F1}"
EndProject
Project("{FAE04EC0-301F-11D3-BF4B-00C04F79EFBC}") = "Emotion.Tests", "Emotion.Tests\Emotion.Tests.csproj", "{35D0FDAC-885A-4F6C-A976-B5165007946C}"
EndProject
Project("{FAE04EC0-301F-11D3-BF4B-00C04F79EFBC}") = "Emotion.ExecTest", "Emotion.ExecTest\Emotion.ExecTest.csproj", "{00F99B68-7274-421C-BBE7-A24B92AFAD48}"
EndProject
Global
	GlobalSection(SolutionConfigurationPlatforms) = preSolution
		Debug-GLES|Any CPU = Debug-GLES|Any CPU
		Release-GLES|Any CPU = Release-GLES|Any CPU
	EndGlobalSection
	GlobalSection(ProjectConfigurationPlatforms) = postSolution
		{723C67BD-47EE-482D-BC0D-728211D7F5F1}.Debug-GLES|Any CPU.ActiveCfg = Debug-GLES|Any CPU
		{723C67BD-47EE-482D-BC0D-728211D7F5F1}.Debug-GLES|Any CPU.Build.0 = Debug-GLES|Any CPU
		{723C67BD-47EE-482D-BC0D-728211D7F5F1}.Release-GLES|Any CPU.ActiveCfg = Release-GLES|Any CPU
		{723C67BD-47EE-482D-BC0D-728211D7F5F1}.Release-GLES|Any CPU.Build.0 = Release-GLES|Any CPU
		{35D0FDAC-885A-4F6C-A976-B5165007946C}.Debug-GLES|Any CPU.ActiveCfg = Debug-GLES|Any CPU
		{35D0FDAC-885A-4F6C-A976-B5165007946C}.Debug-GLES|Any CPU.Build.0 = Debug-GLES|Any CPU
		{35D0FDAC-885A-4F6C-A976-B5165007946C}.Release-GLES|Any CPU.ActiveCfg = Release-GLES|Any CPU
		{35D0FDAC-885A-4F6C-A976-B5165007946C}.Release-GLES|Any CPU.Build.0 = Release-GLES|Any CPU
		{00F99B68-7274-421C-BBE7-A24B92AFAD48}.Debug-GLES|Any CPU.ActiveCfg = Debug-GLES|Any CPU
		{00F99B68-7274-421C-BBE7-A24B92AFAD48}.Debug-GLES|Any CPU.Build.0 = Debug-GLES|Any CPU
		{00F99B68-7274-421C-BBE7-A24B92AFAD48}.Release-GLES|Any CPU.ActiveCfg = Release-GLES|Any CPU
		{00F99B68-7274-421C-BBE7-A24B92AFAD48}.Release-GLES|Any CPU.Build.0 = Release-GLES|Any CPU
	EndGlobalSection
	GlobalSection(SolutionProperties) = preSolution
		HideSolutionNode = FALSE
	EndGlobalSection
	GlobalSection(ExtensibilityGlobals) = postSolution
		SolutionGuid = {86E75EC3-459F-498F-85CD-714CDB25253B}
	EndGlobalSection
EndGlobal
