
Microsoft Visual Studio Solution File, Format Version 12.00
# Visual Studio Version 17
VisualStudioVersion = 17.0.31912.275
MinimumVisualStudioVersion = 10.0.40219.1
Project("{9A19103F-16F7-4668-BE54-9A1E7A4F7556}") = "Emotion", "Emotion\Emotion.csproj", "{E7092D13-DD5A-4654-B8FE-8943FBD32BBA}"
EndProject
Project("{9A19103F-16F7-4668-BE54-9A1E7A4F7556}") = "Emotion.ExecTest", "Emotion.ExecTest\Emotion.ExecTest.csproj", "{3C277BBE-F75B-4D58-9BB1-5AD5D7BAF059}"
EndProject
Project("{9A19103F-16F7-4668-BE54-9A1E7A4F7556}") = "Emotion.Test", "Emotion.Test\Emotion.Test.csproj", "{5D07526B-3230-47FC-BA9D-2FE31E0E1635}"
EndProject
Project("{9A19103F-16F7-4668-BE54-9A1E7A4F7556}") = "Emotion.Plugins.ImGuiNet", "Emotion.Plugins.ImGuiNet\Emotion.Plugins.ImGuiNet.csproj", "{9D8EC69C-1B7E-46FF-94B5-42CBA0EC2719}"
EndProject
Project("{9A19103F-16F7-4668-BE54-9A1E7A4F7556}") = "Emotion.Tools", "Emotion.Tools\Emotion.Tools.csproj", "{8F4F13BC-8AC5-46E8-8B7F-F1E9BF3BEEBF}"
EndProject
Project("{9A19103F-16F7-4668-BE54-9A1E7A4F7556}") = "Tests", "Tests\Tests.csproj", "{6E9D6714-EAB5-4878-85FA-4D49E3C21870}"
EndProject
Project("{9A19103F-16F7-4668-BE54-9A1E7A4F7556}") = "Emotion.Plugins.CSharpScripting", "Emotion.Plugins.CSharpScripting\Emotion.Plugins.CSharpScripting.csproj", "{E366681B-1C3B-4C9A-97B6-3F690B1E397B}"
EndProject
Project("{9A19103F-16F7-4668-BE54-9A1E7A4F7556}") = "Emotion.Plugins.Steamworks", "Emotion.Plugins.Steamworks\Emotion.Plugins.Steamworks.csproj", "{95B6AE79-FAC9-43DD-9D3B-E16C33D06FCF}"
EndProject
Project("{9A19103F-16F7-4668-BE54-9A1E7A4F7556}") = "Emotion.Web", "Emotion.Web\Emotion.Web.csproj", "{026CEDE6-04E3-41FE-AF35-B1FDDE11BADD}"
EndProject
Project("{9A19103F-16F7-4668-BE54-9A1E7A4F7556}") = "Emotion.Web.ExecTest", "Emotion.Web.ExecTest\Emotion.Web.ExecTest.csproj", "{EB94856B-F7F5-4420-94CA-FA4D3535270D}"
EndProject
Project("{9A19103F-16F7-4668-BE54-9A1E7A4F7556}") = "Emotion.PostBuildTool", "Emotion.PostBuildTool\Emotion.PostBuildTool.csproj", "{AEF6B65E-4CF2-4613-ACAC-186F6C44EA34}"
EndProject
Project("{9A19103F-16F7-4668-BE54-9A1E7A4F7556}") = "Emotion.Benchmark", "Emotion.Benchmark\Emotion.Benchmark.csproj", "{5428A7D9-D416-459E-A0EE-DD915A06A7FB}"
EndProject
Global
	GlobalSection(SolutionConfigurationPlatforms) = preSolution
		Debug|Any CPU = Debug|Any CPU
		DebugUnix64|Any CPU = DebugUnix64|Any CPU
		DebugWeb|Any CPU = DebugWeb|Any CPU
		Release|Any CPU = Release|Any CPU
	EndGlobalSection
	GlobalSection(ProjectConfigurationPlatforms) = postSolution
		{E7092D13-DD5A-4654-B8FE-8943FBD32BBA}.Debug|Any CPU.ActiveCfg = Debug|Any CPU
		{E7092D13-DD5A-4654-B8FE-8943FBD32BBA}.Debug|Any CPU.Build.0 = Debug|Any CPU
		{E7092D13-DD5A-4654-B8FE-8943FBD32BBA}.DebugUnix64|Any CPU.ActiveCfg = DebugUnix64|Any CPU
		{E7092D13-DD5A-4654-B8FE-8943FBD32BBA}.DebugUnix64|Any CPU.Build.0 = DebugUnix64|Any CPU
		{E7092D13-DD5A-4654-B8FE-8943FBD32BBA}.DebugWeb|Any CPU.ActiveCfg = DebugWeb|Any CPU
		{E7092D13-DD5A-4654-B8FE-8943FBD32BBA}.DebugWeb|Any CPU.Build.0 = DebugWeb|Any CPU
		{E7092D13-DD5A-4654-B8FE-8943FBD32BBA}.Release|Any CPU.ActiveCfg = Release|Any CPU
		{E7092D13-DD5A-4654-B8FE-8943FBD32BBA}.Release|Any CPU.Build.0 = Release|Any CPU
		{3C277BBE-F75B-4D58-9BB1-5AD5D7BAF059}.Debug|Any CPU.ActiveCfg = Debug|Any CPU
		{3C277BBE-F75B-4D58-9BB1-5AD5D7BAF059}.Debug|Any CPU.Build.0 = Debug|Any CPU
		{3C277BBE-F75B-4D58-9BB1-5AD5D7BAF059}.DebugUnix64|Any CPU.ActiveCfg = Debug|Any CPU
		{3C277BBE-F75B-4D58-9BB1-5AD5D7BAF059}.DebugUnix64|Any CPU.Build.0 = Debug|Any CPU
		{3C277BBE-F75B-4D58-9BB1-5AD5D7BAF059}.DebugWeb|Any CPU.ActiveCfg = Debug|Any CPU
		{3C277BBE-F75B-4D58-9BB1-5AD5D7BAF059}.DebugWeb|Any CPU.Build.0 = Debug|Any CPU
		{3C277BBE-F75B-4D58-9BB1-5AD5D7BAF059}.Release|Any CPU.ActiveCfg = Release|Any CPU
		{3C277BBE-F75B-4D58-9BB1-5AD5D7BAF059}.Release|Any CPU.Build.0 = Release|Any CPU
		{5D07526B-3230-47FC-BA9D-2FE31E0E1635}.Debug|Any CPU.ActiveCfg = Debug|Any CPU
		{5D07526B-3230-47FC-BA9D-2FE31E0E1635}.Debug|Any CPU.Build.0 = Debug|Any CPU
		{5D07526B-3230-47FC-BA9D-2FE31E0E1635}.DebugUnix64|Any CPU.ActiveCfg = Debug|Any CPU
		{5D07526B-3230-47FC-BA9D-2FE31E0E1635}.DebugUnix64|Any CPU.Build.0 = Debug|Any CPU
		{5D07526B-3230-47FC-BA9D-2FE31E0E1635}.DebugWeb|Any CPU.ActiveCfg = Debug|Any CPU
		{5D07526B-3230-47FC-BA9D-2FE31E0E1635}.DebugWeb|Any CPU.Build.0 = Debug|Any CPU
		{5D07526B-3230-47FC-BA9D-2FE31E0E1635}.Release|Any CPU.ActiveCfg = Release|Any CPU
		{5D07526B-3230-47FC-BA9D-2FE31E0E1635}.Release|Any CPU.Build.0 = Release|Any CPU
		{9D8EC69C-1B7E-46FF-94B5-42CBA0EC2719}.Debug|Any CPU.ActiveCfg = Debug|Any CPU
		{9D8EC69C-1B7E-46FF-94B5-42CBA0EC2719}.Debug|Any CPU.Build.0 = Debug|Any CPU
		{9D8EC69C-1B7E-46FF-94B5-42CBA0EC2719}.DebugUnix64|Any CPU.ActiveCfg = Debug|Any CPU
		{9D8EC69C-1B7E-46FF-94B5-42CBA0EC2719}.DebugUnix64|Any CPU.Build.0 = Debug|Any CPU
		{9D8EC69C-1B7E-46FF-94B5-42CBA0EC2719}.DebugWeb|Any CPU.ActiveCfg = Debug|Any CPU
		{9D8EC69C-1B7E-46FF-94B5-42CBA0EC2719}.DebugWeb|Any CPU.Build.0 = Debug|Any CPU
		{9D8EC69C-1B7E-46FF-94B5-42CBA0EC2719}.Release|Any CPU.ActiveCfg = Release|Any CPU
		{9D8EC69C-1B7E-46FF-94B5-42CBA0EC2719}.Release|Any CPU.Build.0 = Release|Any CPU
		{8F4F13BC-8AC5-46E8-8B7F-F1E9BF3BEEBF}.Debug|Any CPU.ActiveCfg = Debug|Any CPU
		{8F4F13BC-8AC5-46E8-8B7F-F1E9BF3BEEBF}.Debug|Any CPU.Build.0 = Debug|Any CPU
		{8F4F13BC-8AC5-46E8-8B7F-F1E9BF3BEEBF}.DebugUnix64|Any CPU.ActiveCfg = Debug|Any CPU
		{8F4F13BC-8AC5-46E8-8B7F-F1E9BF3BEEBF}.DebugUnix64|Any CPU.Build.0 = Debug|Any CPU
		{8F4F13BC-8AC5-46E8-8B7F-F1E9BF3BEEBF}.DebugWeb|Any CPU.ActiveCfg = Debug|Any CPU
		{8F4F13BC-8AC5-46E8-8B7F-F1E9BF3BEEBF}.DebugWeb|Any CPU.Build.0 = Debug|Any CPU
		{8F4F13BC-8AC5-46E8-8B7F-F1E9BF3BEEBF}.Release|Any CPU.ActiveCfg = Release|Any CPU
		{8F4F13BC-8AC5-46E8-8B7F-F1E9BF3BEEBF}.Release|Any CPU.Build.0 = Release|Any CPU
		{6E9D6714-EAB5-4878-85FA-4D49E3C21870}.Debug|Any CPU.ActiveCfg = Debug|Any CPU
		{6E9D6714-EAB5-4878-85FA-4D49E3C21870}.Debug|Any CPU.Build.0 = Debug|Any CPU
		{6E9D6714-EAB5-4878-85FA-4D49E3C21870}.DebugUnix64|Any CPU.ActiveCfg = DebugUnix64|Any CPU
		{6E9D6714-EAB5-4878-85FA-4D49E3C21870}.DebugUnix64|Any CPU.Build.0 = DebugUnix64|Any CPU
		{6E9D6714-EAB5-4878-85FA-4D49E3C21870}.DebugWeb|Any CPU.ActiveCfg = Debug|Any CPU
		{6E9D6714-EAB5-4878-85FA-4D49E3C21870}.DebugWeb|Any CPU.Build.0 = Debug|Any CPU
		{6E9D6714-EAB5-4878-85FA-4D49E3C21870}.Release|Any CPU.ActiveCfg = Release|Any CPU
		{6E9D6714-EAB5-4878-85FA-4D49E3C21870}.Release|Any CPU.Build.0 = Release|Any CPU
		{E366681B-1C3B-4C9A-97B6-3F690B1E397B}.Debug|Any CPU.ActiveCfg = Debug|Any CPU
		{E366681B-1C3B-4C9A-97B6-3F690B1E397B}.Debug|Any CPU.Build.0 = Debug|Any CPU
		{E366681B-1C3B-4C9A-97B6-3F690B1E397B}.DebugUnix64|Any CPU.ActiveCfg = Debug|Any CPU
		{E366681B-1C3B-4C9A-97B6-3F690B1E397B}.DebugUnix64|Any CPU.Build.0 = Debug|Any CPU
		{E366681B-1C3B-4C9A-97B6-3F690B1E397B}.DebugWeb|Any CPU.ActiveCfg = Debug|Any CPU
		{E366681B-1C3B-4C9A-97B6-3F690B1E397B}.DebugWeb|Any CPU.Build.0 = Debug|Any CPU
		{E366681B-1C3B-4C9A-97B6-3F690B1E397B}.Release|Any CPU.ActiveCfg = Release|Any CPU
		{E366681B-1C3B-4C9A-97B6-3F690B1E397B}.Release|Any CPU.Build.0 = Release|Any CPU
		{95B6AE79-FAC9-43DD-9D3B-E16C33D06FCF}.Debug|Any CPU.ActiveCfg = Debug|Any CPU
		{95B6AE79-FAC9-43DD-9D3B-E16C33D06FCF}.Debug|Any CPU.Build.0 = Debug|Any CPU
		{95B6AE79-FAC9-43DD-9D3B-E16C33D06FCF}.DebugUnix64|Any CPU.ActiveCfg = Debug|Any CPU
		{95B6AE79-FAC9-43DD-9D3B-E16C33D06FCF}.DebugUnix64|Any CPU.Build.0 = Debug|Any CPU
		{95B6AE79-FAC9-43DD-9D3B-E16C33D06FCF}.DebugWeb|Any CPU.ActiveCfg = Debug|Any CPU
		{95B6AE79-FAC9-43DD-9D3B-E16C33D06FCF}.DebugWeb|Any CPU.Build.0 = Debug|Any CPU
		{95B6AE79-FAC9-43DD-9D3B-E16C33D06FCF}.Release|Any CPU.ActiveCfg = Release|Any CPU
		{95B6AE79-FAC9-43DD-9D3B-E16C33D06FCF}.Release|Any CPU.Build.0 = Release|Any CPU
		{026CEDE6-04E3-41FE-AF35-B1FDDE11BADD}.Debug|Any CPU.ActiveCfg = Debug|Any CPU
		{026CEDE6-04E3-41FE-AF35-B1FDDE11BADD}.DebugUnix64|Any CPU.ActiveCfg = Debug|Any CPU
		{026CEDE6-04E3-41FE-AF35-B1FDDE11BADD}.DebugWeb|Any CPU.ActiveCfg = Debug|Any CPU
		{026CEDE6-04E3-41FE-AF35-B1FDDE11BADD}.DebugWeb|Any CPU.Build.0 = Debug|Any CPU
		{026CEDE6-04E3-41FE-AF35-B1FDDE11BADD}.Release|Any CPU.ActiveCfg = Release|Any CPU
		{026CEDE6-04E3-41FE-AF35-B1FDDE11BADD}.Release|Any CPU.Build.0 = Release|Any CPU
		{EB94856B-F7F5-4420-94CA-FA4D3535270D}.Debug|Any CPU.ActiveCfg = Debug|Any CPU
		{EB94856B-F7F5-4420-94CA-FA4D3535270D}.DebugUnix64|Any CPU.ActiveCfg = Debug|Any CPU
		{EB94856B-F7F5-4420-94CA-FA4D3535270D}.DebugWeb|Any CPU.ActiveCfg = Debug|Any CPU
		{EB94856B-F7F5-4420-94CA-FA4D3535270D}.DebugWeb|Any CPU.Build.0 = Debug|Any CPU
		{EB94856B-F7F5-4420-94CA-FA4D3535270D}.Release|Any CPU.ActiveCfg = Release|Any CPU
		{EB94856B-F7F5-4420-94CA-FA4D3535270D}.Release|Any CPU.Build.0 = Release|Any CPU
		{AEF6B65E-4CF2-4613-ACAC-186F6C44EA34}.Debug|Any CPU.ActiveCfg = Debug|Any CPU
		{AEF6B65E-4CF2-4613-ACAC-186F6C44EA34}.Debug|Any CPU.Build.0 = Debug|Any CPU
		{AEF6B65E-4CF2-4613-ACAC-186F6C44EA34}.DebugUnix64|Any CPU.ActiveCfg = Debug|Any CPU
		{AEF6B65E-4CF2-4613-ACAC-186F6C44EA34}.DebugUnix64|Any CPU.Build.0 = Debug|Any CPU
		{AEF6B65E-4CF2-4613-ACAC-186F6C44EA34}.DebugWeb|Any CPU.ActiveCfg = Debug|Any CPU
		{AEF6B65E-4CF2-4613-ACAC-186F6C44EA34}.DebugWeb|Any CPU.Build.0 = Debug|Any CPU
		{AEF6B65E-4CF2-4613-ACAC-186F6C44EA34}.Release|Any CPU.ActiveCfg = Release|Any CPU
		{AEF6B65E-4CF2-4613-ACAC-186F6C44EA34}.Release|Any CPU.Build.0 = Release|Any CPU
		{5428A7D9-D416-459E-A0EE-DD915A06A7FB}.Debug|Any CPU.ActiveCfg = Debug|Any CPU
		{5428A7D9-D416-459E-A0EE-DD915A06A7FB}.DebugUnix64|Any CPU.ActiveCfg = Debug|Any CPU
		{5428A7D9-D416-459E-A0EE-DD915A06A7FB}.DebugWeb|Any CPU.ActiveCfg = Debug|Any CPU
		{5428A7D9-D416-459E-A0EE-DD915A06A7FB}.Release|Any CPU.ActiveCfg = Release|Any CPU
		{5428A7D9-D416-459E-A0EE-DD915A06A7FB}.Release|Any CPU.Build.0 = Release|Any CPU
	EndGlobalSection
	GlobalSection(SolutionProperties) = preSolution
		HideSolutionNode = FALSE
	EndGlobalSection
	GlobalSection(ExtensibilityGlobals) = postSolution
		SolutionGuid = {1702377B-82E8-4385-9DCC-378BDFF5BC62}
	EndGlobalSection
EndGlobal
