
Microsoft Visual Studio Solution File, Format Version 12.00
# Visual Studio Version 17
VisualStudioVersion = 17.0.31912.275
MinimumVisualStudioVersion = 10.0.40219.1
Project("{9A19103F-16F7-4668-BE54-9A1E7A4F7556}") = "Emotion", "Emotion\Emotion.csproj", "{E7092D13-DD5A-4654-B8FE-8943FBD32BBA}"
EndProject
Project("{9A19103F-16F7-4668-BE54-9A1E7A4F7556}") = "Emotion.ExecTest", "Emotion.ExecTest\Emotion.ExecTest.csproj", "{3C277BBE-F75B-4D58-9BB1-5AD5D7BAF059}"
EndProject
Project("{9A19103F-16F7-4668-BE54-9A1E7A4F7556}") = "Emotion.Test", "Emotion.Test\Emotion.Test.csproj", "{5D07526B-3230-47FC-BA9D-2FE31E0E1635}"
EndProject
Project("{9A19103F-16F7-4668-BE54-9A1E7A4F7556}") = "Tests", "Tests\Tests.csproj", "{6E9D6714-EAB5-4878-85FA-4D49E3C21870}"
EndProject
Project("{9A19103F-16F7-4668-BE54-9A1E7A4F7556}") = "Emotion.Plugins.CSharpScripting", "Emotion.Plugins.CSharpScripting\Emotion.Plugins.CSharpScripting.csproj", "{E366681B-1C3B-4C9A-97B6-3F690B1E397B}"
EndProject
Project("{9A19103F-16F7-4668-BE54-9A1E7A4F7556}") = "Emotion.Benchmark", "Emotion.Benchmark\Emotion.Benchmark.csproj", "{5428A7D9-D416-459E-A0EE-DD915A06A7FB}"
EndProject
Global
	GlobalSection(SolutionConfigurationPlatforms) = preSolution
		Autobuild|Any CPU = Autobuild|Any CPU
		Debug|Any CPU = Debug|Any CPU
		DebugUnix64|Any CPU = DebugUnix64|Any CPU
		DebugWeb|Any CPU = DebugWeb|Any CPU
		Release|Any CPU = Release|Any CPU
	EndGlobalSection
	GlobalSection(ProjectConfigurationPlatforms) = postSolution
		{E7092D13-DD5A-4654-B8FE-8943FBD32BBA}.Autobuild|Any CPU.ActiveCfg = Autobuild|Any CPU
		{E7092D13-DD5A-4654-B8FE-8943FBD32BBA}.Autobuild|Any CPU.Build.0 = Autobuild|Any CPU
		{E7092D13-DD5A-4654-B8FE-8943FBD32BBA}.Debug|Any CPU.ActiveCfg = Debug|Any CPU
		{E7092D13-DD5A-4654-B8FE-8943FBD32BBA}.Debug|Any CPU.Build.0 = Debug|Any CPU
		{E7092D13-DD5A-4654-B8FE-8943FBD32BBA}.DebugUnix64|Any CPU.ActiveCfg = DebugUnix64|Any CPU
		{E7092D13-DD5A-4654-B8FE-8943FBD32BBA}.DebugUnix64|Any CPU.Build.0 = DebugUnix64|Any CPU
		{E7092D13-DD5A-4654-B8FE-8943FBD32BBA}.DebugWeb|Any CPU.ActiveCfg = DebugWeb|Any CPU
		{E7092D13-DD5A-4654-B8FE-8943FBD32BBA}.DebugWeb|Any CPU.Build.0 = DebugWeb|Any CPU
		{E7092D13-DD5A-4654-B8FE-8943FBD32BBA}.Release|Any CPU.ActiveCfg = Release|Any CPU
		{E7092D13-DD5A-4654-B8FE-8943FBD32BBA}.Release|Any CPU.Build.0 = Release|Any CPU
		{3C277BBE-F75B-4D58-9BB1-5AD5D7BAF059}.Autobuild|Any CPU.ActiveCfg = Release|Any CPU
		{3C277BBE-F75B-4D58-9BB1-5AD5D7BAF059}.Debug|Any CPU.ActiveCfg = Debug|Any CPU
		{3C277BBE-F75B-4D58-9BB1-5AD5D7BAF059}.Debug|Any CPU.Build.0 = Debug|Any CPU
		{3C277BBE-F75B-4D58-9BB1-5AD5D7BAF059}.DebugUnix64|Any CPU.ActiveCfg = Debug|Any CPU
		{3C277BBE-F75B-4D58-9BB1-5AD5D7BAF059}.DebugUnix64|Any CPU.Build.0 = Debug|Any CPU
		{3C277BBE-F75B-4D58-9BB1-5AD5D7BAF059}.DebugWeb|Any CPU.ActiveCfg = Debug|Any CPU
		{3C277BBE-F75B-4D58-9BB1-5AD5D7BAF059}.DebugWeb|Any CPU.Build.0 = Debug|Any CPU
		{3C277BBE-F75B-4D58-9BB1-5AD5D7BAF059}.Release|Any CPU.ActiveCfg = Release|Any CPU
		{3C277BBE-F75B-4D58-9BB1-5AD5D7BAF059}.Release|Any CPU.Build.0 = Release|Any CPU
		{5D07526B-3230-47FC-BA9D-2FE31E0E1635}.Autobuild|Any CPU.ActiveCfg = Release|Any CPU
		{5D07526B-3230-47FC-BA9D-2FE31E0E1635}.Autobuild|Any CPU.Build.0 = Release|Any CPU
		{5D07526B-3230-47FC-BA9D-2FE31E0E1635}.Debug|Any CPU.ActiveCfg = Debug|Any CPU
		{5D07526B-3230-47FC-BA9D-2FE31E0E1635}.Debug|Any CPU.Build.0 = Debug|Any CPU
		{5D07526B-3230-47FC-BA9D-2FE31E0E1635}.DebugUnix64|Any CPU.ActiveCfg = Debug|Any CPU
		{5D07526B-3230-47FC-BA9D-2FE31E0E1635}.DebugUnix64|Any CPU.Build.0 = Debug|Any CPU
		{5D07526B-3230-47FC-BA9D-2FE31E0E1635}.DebugWeb|Any CPU.ActiveCfg = Debug|Any CPU
		{5D07526B-3230-47FC-BA9D-2FE31E0E1635}.DebugWeb|Any CPU.Build.0 = Debug|Any CPU
		{5D07526B-3230-47FC-BA9D-2FE31E0E1635}.Release|Any CPU.ActiveCfg = Release|Any CPU
		{5D07526B-3230-47FC-BA9D-2FE31E0E1635}.Release|Any CPU.Build.0 = Release|Any CPU
		{6E9D6714-EAB5-4878-85FA-4D49E3C21870}.Autobuild|Any CPU.ActiveCfg = Release|Any CPU
		{6E9D6714-EAB5-4878-85FA-4D49E3C21870}.Autobuild|Any CPU.Build.0 = Release|Any CPU
		{6E9D6714-EAB5-4878-85FA-4D49E3C21870}.Debug|Any CPU.ActiveCfg = Debug|Any CPU
		{6E9D6714-EAB5-4878-85FA-4D49E3C21870}.Debug|Any CPU.Build.0 = Debug|Any CPU
		{6E9D6714-EAB5-4878-85FA-4D49E3C21870}.DebugUnix64|Any CPU.ActiveCfg = DebugUnix64|Any CPU
		{6E9D6714-EAB5-4878-85FA-4D49E3C21870}.DebugUnix64|Any CPU.Build.0 = DebugUnix64|Any CPU
		{6E9D6714-EAB5-4878-85FA-4D49E3C21870}.DebugWeb|Any CPU.ActiveCfg = Debug|Any CPU
		{6E9D6714-EAB5-4878-85FA-4D49E3C21870}.DebugWeb|Any CPU.Build.0 = Debug|Any CPU
		{6E9D6714-EAB5-4878-85FA-4D49E3C21870}.Release|Any CPU.ActiveCfg = Release|Any CPU
		{6E9D6714-EAB5-4878-85FA-4D49E3C21870}.Release|Any CPU.Build.0 = Release|Any CPU
		{E366681B-1C3B-4C9A-97B6-3F690B1E397B}.Autobuild|Any CPU.ActiveCfg = Release|Any CPU
		{E366681B-1C3B-4C9A-97B6-3F690B1E397B}.Autobuild|Any CPU.Build.0 = Release|Any CPU
		{E366681B-1C3B-4C9A-97B6-3F690B1E397B}.Debug|Any CPU.ActiveCfg = Debug|Any CPU
		{E366681B-1C3B-4C9A-97B6-3F690B1E397B}.Debug|Any CPU.Build.0 = Debug|Any CPU
		{E366681B-1C3B-4C9A-97B6-3F690B1E397B}.DebugUnix64|Any CPU.ActiveCfg = Debug|Any CPU
		{E366681B-1C3B-4C9A-97B6-3F690B1E397B}.DebugUnix64|Any CPU.Build.0 = Debug|Any CPU
		{E366681B-1C3B-4C9A-97B6-3F690B1E397B}.DebugWeb|Any CPU.ActiveCfg = Debug|Any CPU
		{E366681B-1C3B-4C9A-97B6-3F690B1E397B}.DebugWeb|Any CPU.Build.0 = Debug|Any CPU
		{E366681B-1C3B-4C9A-97B6-3F690B1E397B}.Release|Any CPU.ActiveCfg = Release|Any CPU
		{E366681B-1C3B-4C9A-97B6-3F690B1E397B}.Release|Any CPU.Build.0 = Release|Any CPU
		{5428A7D9-D416-459E-A0EE-DD915A06A7FB}.Autobuild|Any CPU.ActiveCfg = Release|Any CPU
		{5428A7D9-D416-459E-A0EE-DD915A06A7FB}.Debug|Any CPU.ActiveCfg = Debug|Any CPU
		{5428A7D9-D416-459E-A0EE-DD915A06A7FB}.Debug|Any CPU.Build.0 = Debug|Any CPU
		{5428A7D9-D416-459E-A0EE-DD915A06A7FB}.DebugUnix64|Any CPU.ActiveCfg = Debug|Any CPU
		{5428A7D9-D416-459E-A0EE-DD915A06A7FB}.DebugWeb|Any CPU.ActiveCfg = Debug|Any CPU
		{5428A7D9-D416-459E-A0EE-DD915A06A7FB}.Release|Any CPU.ActiveCfg = Release|Any CPU
		{5428A7D9-D416-459E-A0EE-DD915A06A7FB}.Release|Any CPU.Build.0 = Release|Any CPU
	EndGlobalSection
	GlobalSection(SolutionProperties) = preSolution
		HideSolutionNode = FALSE
	EndGlobalSection
	GlobalSection(ExtensibilityGlobals) = postSolution
		SolutionGuid = {1702377B-82E8-4385-9DCC-378BDFF5BC62}
	EndGlobalSection
EndGlobal
