
Microsoft Visual Studio Solution File, Format Version 12.00
# Visual Studio Version 17
VisualStudioVersion = 17.0.31912.275
MinimumVisualStudioVersion = 10.0.40219.1
Project("{9A19103F-16F7-4668-BE54-9A1E7A4F7556}") = "Emotion", "Emotion\Emotion.csproj", "{DBBABD2A-E0E9-4DC1-95A5-6BFFF270FB7F}"
EndProject
Project("{9A19103F-16F7-4668-BE54-9A1E7A4F7556}") = "Emotion.ExecTest", "Emotion.ExecTest\Emotion.ExecTest.csproj", "{4EE26673-9E0A-4B6C-BFCB-AFCA1F90065E}"
EndProject
Project("{9A19103F-16F7-4668-BE54-9A1E7A4F7556}") = "Emotion.Test", "Legacy\Emotion.Test\Emotion.Test.csproj", "{92821322-2B7E-4D47-A4B1-06B0DB359264}"
EndProject
Project("{9A19103F-16F7-4668-BE54-9A1E7A4F7556}") = "Tests", "Tests\Tests.csproj", "{DEFBA854-275A-4203-A15D-ED97D3C51041}"
EndProject
Project("{9A19103F-16F7-4668-BE54-9A1E7A4F7556}") = "Emotion.Plugins.Steamworks", "Emotion.Plugins.Steamworks\Emotion.Plugins.Steamworks.csproj", "{9F7A6088-096C-4B23-87C5-54CC1D0B0C99}"
EndProject
Project("{9A19103F-16F7-4668-BE54-9A1E7A4F7556}") = "Emotion.SourceGeneration", "Emotion.SourceGeneration\Emotion.SourceGeneration.csproj", "{365220E8-5A10-440C-B971-CA639EB58E38}"
EndProject
Global
	GlobalSection(SolutionConfigurationPlatforms) = preSolution
		Autobuild|Android = Autobuild|Android
		Autobuild|Linux64 = Autobuild|Linux64
		Autobuild|MacOS64 = Autobuild|MacOS64
		Autobuild|Web = Autobuild|Web
		Autobuild|Win64 = Autobuild|Win64
		Autobuild|Win64NoDepend = Autobuild|Win64NoDepend
		Debug|Android = Debug|Android
		Debug|Linux64 = Debug|Linux64
		Debug|MacOS64 = Debug|MacOS64
		Debug|Web = Debug|Web
		Debug|Win64 = Debug|Win64
		Debug|Win64NoDepend = Debug|Win64NoDepend
		Release|Android = Release|Android
		Release|Linux64 = Release|Linux64
		Release|MacOS64 = Release|MacOS64
		Release|Web = Release|Web
		Release|Win64 = Release|Win64
		Release|Win64NoDepend = Release|Win64NoDepend
	EndGlobalSection
	GlobalSection(ProjectConfigurationPlatforms) = postSolution
		{DBBABD2A-E0E9-4DC1-95A5-6BFFF270FB7F}.Autobuild|Android.ActiveCfg = Autobuild|Android
		{DBBABD2A-E0E9-4DC1-95A5-6BFFF270FB7F}.Autobuild|Android.Build.0 = Autobuild|Android
		{DBBABD2A-E0E9-4DC1-95A5-6BFFF270FB7F}.Autobuild|Linux64.ActiveCfg = Autobuild|Linux64
		{DBBABD2A-E0E9-4DC1-95A5-6BFFF270FB7F}.Autobuild|Linux64.Build.0 = Autobuild|Linux64
		{DBBABD2A-E0E9-4DC1-95A5-6BFFF270FB7F}.Autobuild|MacOS64.ActiveCfg = Autobuild|MacOS64
		{DBBABD2A-E0E9-4DC1-95A5-6BFFF270FB7F}.Autobuild|MacOS64.Build.0 = Autobuild|MacOS64
		{DBBABD2A-E0E9-4DC1-95A5-6BFFF270FB7F}.Autobuild|Web.ActiveCfg = Autobuild|Web
		{DBBABD2A-E0E9-4DC1-95A5-6BFFF270FB7F}.Autobuild|Web.Build.0 = Autobuild|Web
		{DBBABD2A-E0E9-4DC1-95A5-6BFFF270FB7F}.Autobuild|Win64.ActiveCfg = Autobuild|Win64
		{DBBABD2A-E0E9-4DC1-95A5-6BFFF270FB7F}.Autobuild|Win64.Build.0 = Autobuild|Win64
		{DBBABD2A-E0E9-4DC1-95A5-6BFFF270FB7F}.Autobuild|Win64NoDepend.ActiveCfg = Autobuild|Win64NoDepend
		{DBBABD2A-E0E9-4DC1-95A5-6BFFF270FB7F}.Autobuild|Win64NoDepend.Build.0 = Autobuild|Win64NoDepend
		{DBBABD2A-E0E9-4DC1-95A5-6BFFF270FB7F}.Debug|Android.ActiveCfg = Debug|Android
		{DBBABD2A-E0E9-4DC1-95A5-6BFFF270FB7F}.Debug|Android.Build.0 = Debug|Android
		{DBBABD2A-E0E9-4DC1-95A5-6BFFF270FB7F}.Debug|Linux64.ActiveCfg = Debug|Linux64
		{DBBABD2A-E0E9-4DC1-95A5-6BFFF270FB7F}.Debug|Linux64.Build.0 = Debug|Linux64
		{DBBABD2A-E0E9-4DC1-95A5-6BFFF270FB7F}.Debug|MacOS64.ActiveCfg = Debug|MacOS64
		{DBBABD2A-E0E9-4DC1-95A5-6BFFF270FB7F}.Debug|MacOS64.Build.0 = Debug|MacOS64
		{DBBABD2A-E0E9-4DC1-95A5-6BFFF270FB7F}.Debug|Web.ActiveCfg = Debug|Web
		{DBBABD2A-E0E9-4DC1-95A5-6BFFF270FB7F}.Debug|Web.Build.0 = Debug|Web
		{DBBABD2A-E0E9-4DC1-95A5-6BFFF270FB7F}.Debug|Win64.ActiveCfg = Debug|Win64
		{DBBABD2A-E0E9-4DC1-95A5-6BFFF270FB7F}.Debug|Win64.Build.0 = Debug|Win64
		{DBBABD2A-E0E9-4DC1-95A5-6BFFF270FB7F}.Debug|Win64NoDepend.ActiveCfg = Debug|Win64NoDepend
		{DBBABD2A-E0E9-4DC1-95A5-6BFFF270FB7F}.Debug|Win64NoDepend.Build.0 = Debug|Win64NoDepend
		{DBBABD2A-E0E9-4DC1-95A5-6BFFF270FB7F}.Release|Android.ActiveCfg = Release|Android
		{DBBABD2A-E0E9-4DC1-95A5-6BFFF270FB7F}.Release|Android.Build.0 = Release|Android
		{DBBABD2A-E0E9-4DC1-95A5-6BFFF270FB7F}.Release|Linux64.ActiveCfg = Release|Linux64
		{DBBABD2A-E0E9-4DC1-95A5-6BFFF270FB7F}.Release|Linux64.Build.0 = Release|Linux64
		{DBBABD2A-E0E9-4DC1-95A5-6BFFF270FB7F}.Release|MacOS64.ActiveCfg = Release|MacOS64
		{DBBABD2A-E0E9-4DC1-95A5-6BFFF270FB7F}.Release|MacOS64.Build.0 = Release|MacOS64
		{DBBABD2A-E0E9-4DC1-95A5-6BFFF270FB7F}.Release|Web.ActiveCfg = Release|Web
		{DBBABD2A-E0E9-4DC1-95A5-6BFFF270FB7F}.Release|Web.Build.0 = Release|Web
		{DBBABD2A-E0E9-4DC1-95A5-6BFFF270FB7F}.Release|Win64.ActiveCfg = Release|Win64
		{DBBABD2A-E0E9-4DC1-95A5-6BFFF270FB7F}.Release|Win64.Build.0 = Release|Win64
		{DBBABD2A-E0E9-4DC1-95A5-6BFFF270FB7F}.Release|Win64NoDepend.ActiveCfg = Release|Win64NoDepend
		{DBBABD2A-E0E9-4DC1-95A5-6BFFF270FB7F}.Release|Win64NoDepend.Build.0 = Release|Win64NoDepend
		{4EE26673-9E0A-4B6C-BFCB-AFCA1F90065E}.Autobuild|Android.ActiveCfg = Debug|Default
		{4EE26673-9E0A-4B6C-BFCB-AFCA1F90065E}.Autobuild|Android.Build.0 = Debug|Default
		{4EE26673-9E0A-4B6C-BFCB-AFCA1F90065E}.Autobuild|Linux64.ActiveCfg = Debug|Default
		{4EE26673-9E0A-4B6C-BFCB-AFCA1F90065E}.Autobuild|Linux64.Build.0 = Debug|Default
		{4EE26673-9E0A-4B6C-BFCB-AFCA1F90065E}.Autobuild|MacOS64.ActiveCfg = Debug|Default
		{4EE26673-9E0A-4B6C-BFCB-AFCA1F90065E}.Autobuild|MacOS64.Build.0 = Debug|Default
		{4EE26673-9E0A-4B6C-BFCB-AFCA1F90065E}.Autobuild|Web.ActiveCfg = Debug|Default
		{4EE26673-9E0A-4B6C-BFCB-AFCA1F90065E}.Autobuild|Web.Build.0 = Debug|Default
		{4EE26673-9E0A-4B6C-BFCB-AFCA1F90065E}.Autobuild|Win64.ActiveCfg = Release|Default
		{4EE26673-9E0A-4B6C-BFCB-AFCA1F90065E}.Autobuild|Win64NoDepend.ActiveCfg = Debug|Default
		{4EE26673-9E0A-4B6C-BFCB-AFCA1F90065E}.Autobuild|Win64NoDepend.Build.0 = Debug|Default
		{4EE26673-9E0A-4B6C-BFCB-AFCA1F90065E}.Debug|Android.ActiveCfg = Debug|Default
		{4EE26673-9E0A-4B6C-BFCB-AFCA1F90065E}.Debug|Android.Build.0 = Debug|Default
		{4EE26673-9E0A-4B6C-BFCB-AFCA1F90065E}.Debug|Linux64.ActiveCfg = Debug|Default
		{4EE26673-9E0A-4B6C-BFCB-AFCA1F90065E}.Debug|Linux64.Build.0 = Debug|Default
		{4EE26673-9E0A-4B6C-BFCB-AFCA1F90065E}.Debug|MacOS64.ActiveCfg = Debug|Default
		{4EE26673-9E0A-4B6C-BFCB-AFCA1F90065E}.Debug|MacOS64.Build.0 = Debug|Default
		{4EE26673-9E0A-4B6C-BFCB-AFCA1F90065E}.Debug|Web.ActiveCfg = Debug|Default
		{4EE26673-9E0A-4B6C-BFCB-AFCA1F90065E}.Debug|Web.Build.0 = Debug|Default
		{4EE26673-9E0A-4B6C-BFCB-AFCA1F90065E}.Debug|Win64.ActiveCfg = Debug|x64
		{4EE26673-9E0A-4B6C-BFCB-AFCA1F90065E}.Debug|Win64.Build.0 = Debug|x64
		{4EE26673-9E0A-4B6C-BFCB-AFCA1F90065E}.Debug|Win64NoDepend.ActiveCfg = Debug|Default
		{4EE26673-9E0A-4B6C-BFCB-AFCA1F90065E}.Debug|Win64NoDepend.Build.0 = Debug|Default
		{4EE26673-9E0A-4B6C-BFCB-AFCA1F90065E}.Release|Android.ActiveCfg = Release|Default
		{4EE26673-9E0A-4B6C-BFCB-AFCA1F90065E}.Release|Android.Build.0 = Release|Default
		{4EE26673-9E0A-4B6C-BFCB-AFCA1F90065E}.Release|Linux64.ActiveCfg = Release|Default
		{4EE26673-9E0A-4B6C-BFCB-AFCA1F90065E}.Release|Linux64.Build.0 = Release|Default
		{4EE26673-9E0A-4B6C-BFCB-AFCA1F90065E}.Release|MacOS64.ActiveCfg = Release|Default
		{4EE26673-9E0A-4B6C-BFCB-AFCA1F90065E}.Release|MacOS64.Build.0 = Release|Default
		{4EE26673-9E0A-4B6C-BFCB-AFCA1F90065E}.Release|Web.ActiveCfg = Release|Default
		{4EE26673-9E0A-4B6C-BFCB-AFCA1F90065E}.Release|Web.Build.0 = Release|Default
		{4EE26673-9E0A-4B6C-BFCB-AFCA1F90065E}.Release|Win64.ActiveCfg = Release|Default
		{4EE26673-9E0A-4B6C-BFCB-AFCA1F90065E}.Release|Win64.Build.0 = Release|Default
		{4EE26673-9E0A-4B6C-BFCB-AFCA1F90065E}.Release|Win64NoDepend.ActiveCfg = Release|Default
		{4EE26673-9E0A-4B6C-BFCB-AFCA1F90065E}.Release|Win64NoDepend.Build.0 = Release|Default
		{92821322-2B7E-4D47-A4B1-06B0DB359264}.Autobuild|Android.ActiveCfg = Debug|x64
		{92821322-2B7E-4D47-A4B1-06B0DB359264}.Autobuild|Android.Build.0 = Debug|x64
		{92821322-2B7E-4D47-A4B1-06B0DB359264}.Autobuild|Linux64.ActiveCfg = Debug|x64
		{92821322-2B7E-4D47-A4B1-06B0DB359264}.Autobuild|Linux64.Build.0 = Debug|x64
		{92821322-2B7E-4D47-A4B1-06B0DB359264}.Autobuild|MacOS64.ActiveCfg = Debug|x64
		{92821322-2B7E-4D47-A4B1-06B0DB359264}.Autobuild|MacOS64.Build.0 = Debug|x64
		{92821322-2B7E-4D47-A4B1-06B0DB359264}.Autobuild|Web.ActiveCfg = Debug|x64
		{92821322-2B7E-4D47-A4B1-06B0DB359264}.Autobuild|Web.Build.0 = Debug|x64
		{92821322-2B7E-4D47-A4B1-06B0DB359264}.Autobuild|Win64.ActiveCfg = Release|x64
		{92821322-2B7E-4D47-A4B1-06B0DB359264}.Autobuild|Win64.Build.0 = Release|x64
		{92821322-2B7E-4D47-A4B1-06B0DB359264}.Autobuild|Win64NoDepend.ActiveCfg = Debug|x64
		{92821322-2B7E-4D47-A4B1-06B0DB359264}.Autobuild|Win64NoDepend.Build.0 = Debug|x64
		{92821322-2B7E-4D47-A4B1-06B0DB359264}.Debug|Android.ActiveCfg = Debug|x64
		{92821322-2B7E-4D47-A4B1-06B0DB359264}.Debug|Android.Build.0 = Debug|x64
		{92821322-2B7E-4D47-A4B1-06B0DB359264}.Debug|Linux64.ActiveCfg = Debug|x64
		{92821322-2B7E-4D47-A4B1-06B0DB359264}.Debug|Linux64.Build.0 = Debug|x64
		{92821322-2B7E-4D47-A4B1-06B0DB359264}.Debug|MacOS64.ActiveCfg = Debug|x64
		{92821322-2B7E-4D47-A4B1-06B0DB359264}.Debug|MacOS64.Build.0 = Debug|x64
		{92821322-2B7E-4D47-A4B1-06B0DB359264}.Debug|Web.ActiveCfg = Debug|x64
		{92821322-2B7E-4D47-A4B1-06B0DB359264}.Debug|Web.Build.0 = Debug|x64
		{92821322-2B7E-4D47-A4B1-06B0DB359264}.Debug|Win64.ActiveCfg = Debug|x64
		{92821322-2B7E-4D47-A4B1-06B0DB359264}.Debug|Win64NoDepend.ActiveCfg = Debug|x64
		{92821322-2B7E-4D47-A4B1-06B0DB359264}.Debug|Win64NoDepend.Build.0 = Debug|x64
		{92821322-2B7E-4D47-A4B1-06B0DB359264}.Release|Android.ActiveCfg = Release|x64
		{92821322-2B7E-4D47-A4B1-06B0DB359264}.Release|Android.Build.0 = Release|x64
		{92821322-2B7E-4D47-A4B1-06B0DB359264}.Release|Linux64.ActiveCfg = Release|x64
		{92821322-2B7E-4D47-A4B1-06B0DB359264}.Release|Linux64.Build.0 = Release|x64
		{92821322-2B7E-4D47-A4B1-06B0DB359264}.Release|MacOS64.ActiveCfg = Release|x64
		{92821322-2B7E-4D47-A4B1-06B0DB359264}.Release|MacOS64.Build.0 = Release|x64
		{92821322-2B7E-4D47-A4B1-06B0DB359264}.Release|Web.ActiveCfg = Release|x64
		{92821322-2B7E-4D47-A4B1-06B0DB359264}.Release|Web.Build.0 = Release|x64
		{92821322-2B7E-4D47-A4B1-06B0DB359264}.Release|Win64.ActiveCfg = Release|x64
		{92821322-2B7E-4D47-A4B1-06B0DB359264}.Release|Win64.Build.0 = Release|x64
		{92821322-2B7E-4D47-A4B1-06B0DB359264}.Release|Win64NoDepend.ActiveCfg = Release|x64
		{92821322-2B7E-4D47-A4B1-06B0DB359264}.Release|Win64NoDepend.Build.0 = Release|x64
		{DEFBA854-275A-4203-A15D-ED97D3C51041}.Autobuild|Android.ActiveCfg = Debug|Default
		{DEFBA854-275A-4203-A15D-ED97D3C51041}.Autobuild|Android.Build.0 = Debug|Default
		{DEFBA854-275A-4203-A15D-ED97D3C51041}.Autobuild|Linux64.ActiveCfg = Debug|Default
		{DEFBA854-275A-4203-A15D-ED97D3C51041}.Autobuild|Linux64.Build.0 = Debug|Default
		{DEFBA854-275A-4203-A15D-ED97D3C51041}.Autobuild|MacOS64.ActiveCfg = Debug|Default
		{DEFBA854-275A-4203-A15D-ED97D3C51041}.Autobuild|MacOS64.Build.0 = Debug|Default
		{DEFBA854-275A-4203-A15D-ED97D3C51041}.Autobuild|Web.ActiveCfg = Debug|Default
		{DEFBA854-275A-4203-A15D-ED97D3C51041}.Autobuild|Web.Build.0 = Debug|Default
		{DEFBA854-275A-4203-A15D-ED97D3C51041}.Autobuild|Win64.ActiveCfg = Release|Default
		{DEFBA854-275A-4203-A15D-ED97D3C51041}.Autobuild|Win64.Build.0 = Release|Default
		{DEFBA854-275A-4203-A15D-ED97D3C51041}.Autobuild|Win64NoDepend.ActiveCfg = Debug|Default
		{DEFBA854-275A-4203-A15D-ED97D3C51041}.Autobuild|Win64NoDepend.Build.0 = Debug|Default
		{DEFBA854-275A-4203-A15D-ED97D3C51041}.Debug|Android.ActiveCfg = Debug|Default
		{DEFBA854-275A-4203-A15D-ED97D3C51041}.Debug|Android.Build.0 = Debug|Default
		{DEFBA854-275A-4203-A15D-ED97D3C51041}.Debug|Linux64.ActiveCfg = Debug|Default
		{DEFBA854-275A-4203-A15D-ED97D3C51041}.Debug|Linux64.Build.0 = Debug|Default
		{DEFBA854-275A-4203-A15D-ED97D3C51041}.Debug|MacOS64.ActiveCfg = Debug|Default
		{DEFBA854-275A-4203-A15D-ED97D3C51041}.Debug|MacOS64.Build.0 = Debug|Default
		{DEFBA854-275A-4203-A15D-ED97D3C51041}.Debug|Web.ActiveCfg = Debug|Default
		{DEFBA854-275A-4203-A15D-ED97D3C51041}.Debug|Web.Build.0 = Debug|Default
		{DEFBA854-275A-4203-A15D-ED97D3C51041}.Debug|Win64.ActiveCfg = Debug|Default
		{DEFBA854-275A-4203-A15D-ED97D3C51041}.Debug|Win64NoDepend.ActiveCfg = Debug|Default
		{DEFBA854-275A-4203-A15D-ED97D3C51041}.Debug|Win64NoDepend.Build.0 = Debug|Default
		{DEFBA854-275A-4203-A15D-ED97D3C51041}.Release|Android.ActiveCfg = Release|Default
		{DEFBA854-275A-4203-A15D-ED97D3C51041}.Release|Android.Build.0 = Release|Default
		{DEFBA854-275A-4203-A15D-ED97D3C51041}.Release|Linux64.ActiveCfg = Release|Default
		{DEFBA854-275A-4203-A15D-ED97D3C51041}.Release|Linux64.Build.0 = Release|Default
		{DEFBA854-275A-4203-A15D-ED97D3C51041}.Release|MacOS64.ActiveCfg = Release|Default
		{DEFBA854-275A-4203-A15D-ED97D3C51041}.Release|MacOS64.Build.0 = Release|Default
		{DEFBA854-275A-4203-A15D-ED97D3C51041}.Release|Web.ActiveCfg = Release|Default
		{DEFBA854-275A-4203-A15D-ED97D3C51041}.Release|Web.Build.0 = Release|Default
		{DEFBA854-275A-4203-A15D-ED97D3C51041}.Release|Win64.ActiveCfg = Release|Default
		{DEFBA854-275A-4203-A15D-ED97D3C51041}.Release|Win64.Build.0 = Release|Default
		{DEFBA854-275A-4203-A15D-ED97D3C51041}.Release|Win64NoDepend.ActiveCfg = Release|Default
		{DEFBA854-275A-4203-A15D-ED97D3C51041}.Release|Win64NoDepend.Build.0 = Release|Default
		{9F7A6088-096C-4B23-87C5-54CC1D0B0C99}.Autobuild|Android.ActiveCfg = Debug|Win32
		{9F7A6088-096C-4B23-87C5-54CC1D0B0C99}.Autobuild|Android.Build.0 = Debug|Win32
		{9F7A6088-096C-4B23-87C5-54CC1D0B0C99}.Autobuild|Linux64.ActiveCfg = Debug|Linux64
		{9F7A6088-096C-4B23-87C5-54CC1D0B0C99}.Autobuild|Linux64.Build.0 = Debug|Linux64
		{9F7A6088-096C-4B23-87C5-54CC1D0B0C99}.Autobuild|MacOS64.ActiveCfg = Debug|MacOS64
		{9F7A6088-096C-4B23-87C5-54CC1D0B0C99}.Autobuild|MacOS64.Build.0 = Debug|MacOS64
		{9F7A6088-096C-4B23-87C5-54CC1D0B0C99}.Autobuild|Web.ActiveCfg = Debug|Win32
		{9F7A6088-096C-4B23-87C5-54CC1D0B0C99}.Autobuild|Web.Build.0 = Debug|Win32
		{9F7A6088-096C-4B23-87C5-54CC1D0B0C99}.Autobuild|Win64.ActiveCfg = Release|Win64
		{9F7A6088-096C-4B23-87C5-54CC1D0B0C99}.Autobuild|Win64NoDepend.ActiveCfg = Debug|Win32
		{9F7A6088-096C-4B23-87C5-54CC1D0B0C99}.Autobuild|Win64NoDepend.Build.0 = Debug|Win32
		{9F7A6088-096C-4B23-87C5-54CC1D0B0C99}.Debug|Android.ActiveCfg = Debug|Win32
		{9F7A6088-096C-4B23-87C5-54CC1D0B0C99}.Debug|Android.Build.0 = Debug|Win32
		{9F7A6088-096C-4B23-87C5-54CC1D0B0C99}.Debug|Linux64.ActiveCfg = Debug|Linux64
		{9F7A6088-096C-4B23-87C5-54CC1D0B0C99}.Debug|Linux64.Build.0 = Debug|Linux64
		{9F7A6088-096C-4B23-87C5-54CC1D0B0C99}.Debug|MacOS64.ActiveCfg = Debug|MacOS64
		{9F7A6088-096C-4B23-87C5-54CC1D0B0C99}.Debug|MacOS64.Build.0 = Debug|MacOS64
		{9F7A6088-096C-4B23-87C5-54CC1D0B0C99}.Debug|Web.ActiveCfg = Debug|Win32
		{9F7A6088-096C-4B23-87C5-54CC1D0B0C99}.Debug|Web.Build.0 = Debug|Win32
		{9F7A6088-096C-4B23-87C5-54CC1D0B0C99}.Debug|Win64.ActiveCfg = Debug|Win64
		{9F7A6088-096C-4B23-87C5-54CC1D0B0C99}.Debug|Win64.Build.0 = Debug|Win64
		{9F7A6088-096C-4B23-87C5-54CC1D0B0C99}.Debug|Win64NoDepend.ActiveCfg = Debug|Win32
		{9F7A6088-096C-4B23-87C5-54CC1D0B0C99}.Debug|Win64NoDepend.Build.0 = Debug|Win32
		{9F7A6088-096C-4B23-87C5-54CC1D0B0C99}.Release|Android.ActiveCfg = Release|Win32
		{9F7A6088-096C-4B23-87C5-54CC1D0B0C99}.Release|Android.Build.0 = Release|Win32
		{9F7A6088-096C-4B23-87C5-54CC1D0B0C99}.Release|Linux64.ActiveCfg = Release|Linux64
		{9F7A6088-096C-4B23-87C5-54CC1D0B0C99}.Release|Linux64.Build.0 = Release|Linux64
		{9F7A6088-096C-4B23-87C5-54CC1D0B0C99}.Release|MacOS64.ActiveCfg = Release|MacOS64
		{9F7A6088-096C-4B23-87C5-54CC1D0B0C99}.Release|MacOS64.Build.0 = Release|MacOS64
		{9F7A6088-096C-4B23-87C5-54CC1D0B0C99}.Release|Web.ActiveCfg = Release|Win32
		{9F7A6088-096C-4B23-87C5-54CC1D0B0C99}.Release|Web.Build.0 = Release|Win32
		{9F7A6088-096C-4B23-87C5-54CC1D0B0C99}.Release|Win64.ActiveCfg = Release|Win64
		{9F7A6088-096C-4B23-87C5-54CC1D0B0C99}.Release|Win64.Build.0 = Release|Win64
		{9F7A6088-096C-4B23-87C5-54CC1D0B0C99}.Release|Win64NoDepend.ActiveCfg = Release|Win32
		{9F7A6088-096C-4B23-87C5-54CC1D0B0C99}.Release|Win64NoDepend.Build.0 = Release|Win32
		{365220E8-5A10-440C-B971-CA639EB58E38}.Autobuild|Android.ActiveCfg = Debug|Any CPU
		{365220E8-5A10-440C-B971-CA639EB58E38}.Autobuild|Android.Build.0 = Debug|Any CPU
		{365220E8-5A10-440C-B971-CA639EB58E38}.Autobuild|Linux64.ActiveCfg = Debug|Any CPU
		{365220E8-5A10-440C-B971-CA639EB58E38}.Autobuild|Linux64.Build.0 = Debug|Any CPU
		{365220E8-5A10-440C-B971-CA639EB58E38}.Autobuild|MacOS64.ActiveCfg = Debug|Any CPU
		{365220E8-5A10-440C-B971-CA639EB58E38}.Autobuild|MacOS64.Build.0 = Debug|Any CPU
		{365220E8-5A10-440C-B971-CA639EB58E38}.Autobuild|Web.ActiveCfg = Debug|Any CPU
		{365220E8-5A10-440C-B971-CA639EB58E38}.Autobuild|Web.Build.0 = Debug|Any CPU
		{365220E8-5A10-440C-B971-CA639EB58E38}.Autobuild|Win64.ActiveCfg = Debug|Any CPU
		{365220E8-5A10-440C-B971-CA639EB58E38}.Autobuild|Win64.Build.0 = Debug|Any CPU
		{365220E8-5A10-440C-B971-CA639EB58E38}.Autobuild|Win64NoDepend.ActiveCfg = Debug|Any CPU
		{365220E8-5A10-440C-B971-CA639EB58E38}.Autobuild|Win64NoDepend.Build.0 = Debug|Any CPU
		{365220E8-5A10-440C-B971-CA639EB58E38}.Debug|Android.ActiveCfg = Debug|Any CPU
		{365220E8-5A10-440C-B971-CA639EB58E38}.Debug|Android.Build.0 = Debug|Any CPU
		{365220E8-5A10-440C-B971-CA639EB58E38}.Debug|Linux64.ActiveCfg = Debug|Any CPU
		{365220E8-5A10-440C-B971-CA639EB58E38}.Debug|Linux64.Build.0 = Debug|Any CPU
		{365220E8-5A10-440C-B971-CA639EB58E38}.Debug|MacOS64.ActiveCfg = Debug|Any CPU
		{365220E8-5A10-440C-B971-CA639EB58E38}.Debug|MacOS64.Build.0 = Debug|Any CPU
		{365220E8-5A10-440C-B971-CA639EB58E38}.Debug|Web.ActiveCfg = Debug|Any CPU
		{365220E8-5A10-440C-B971-CA639EB58E38}.Debug|Web.Build.0 = Debug|Any CPU
		{365220E8-5A10-440C-B971-CA639EB58E38}.Debug|Win64.ActiveCfg = Debug|Any CPU
		{365220E8-5A10-440C-B971-CA639EB58E38}.Debug|Win64.Build.0 = Debug|Any CPU
		{365220E8-5A10-440C-B971-CA639EB58E38}.Debug|Win64NoDepend.ActiveCfg = Debug|Any CPU
		{365220E8-5A10-440C-B971-CA639EB58E38}.Debug|Win64NoDepend.Build.0 = Debug|Any CPU
		{365220E8-5A10-440C-B971-CA639EB58E38}.Release|Android.ActiveCfg = Release|Any CPU
		{365220E8-5A10-440C-B971-CA639EB58E38}.Release|Android.Build.0 = Release|Any CPU
		{365220E8-5A10-440C-B971-CA639EB58E38}.Release|Linux64.ActiveCfg = Release|Any CPU
		{365220E8-5A10-440C-B971-CA639EB58E38}.Release|Linux64.Build.0 = Release|Any CPU
		{365220E8-5A10-440C-B971-CA639EB58E38}.Release|MacOS64.ActiveCfg = Release|Any CPU
		{365220E8-5A10-440C-B971-CA639EB58E38}.Release|MacOS64.Build.0 = Release|Any CPU
		{365220E8-5A10-440C-B971-CA639EB58E38}.Release|Web.ActiveCfg = Release|Any CPU
		{365220E8-5A10-440C-B971-CA639EB58E38}.Release|Web.Build.0 = Release|Any CPU
		{365220E8-5A10-440C-B971-CA639EB58E38}.Release|Win64.ActiveCfg = Release|Any CPU
		{365220E8-5A10-440C-B971-CA639EB58E38}.Release|Win64.Build.0 = Release|Any CPU
		{365220E8-5A10-440C-B971-CA639EB58E38}.Release|Win64NoDepend.ActiveCfg = Release|Any CPU
		{365220E8-5A10-440C-B971-CA639EB58E38}.Release|Win64NoDepend.Build.0 = Release|Any CPU
	EndGlobalSection
	GlobalSection(SolutionProperties) = preSolution
		HideSolutionNode = FALSE
	EndGlobalSection
	GlobalSection(ExtensibilityGlobals) = postSolution
		SolutionGuid = {CBAB50D3-047E-4A69-9F65-57398C863266}
	EndGlobalSection
EndGlobal
