
Microsoft Visual Studio Solution File, Format Version 12.00
# Visual Studio 15
VisualStudioVersion = 15.0.26730.16
MinimumVisualStudioVersion = 10.0.40219.1
Project("{FAE04EC0-301F-11D3-BF4B-00C04F79EFBC}") = "SoulEngineGL", "SoulEngineGL\SoulEngineGL.csproj", "{653305E8-DD79-48D0-96AC-607D25776841}"
EndProject
Global
	GlobalSection(SolutionConfigurationPlatforms) = preSolution
		Debug|Any CPU = Debug|Any CPU
		Release|Any CPU = Release|Any CPU
	EndGlobalSection
	GlobalSection(ProjectConfigurationPlatforms) = postSolution
		{653305E8-DD79-48D0-96AC-607D25776841}.Debug|Any CPU.ActiveCfg = Debug|Any CPU
		{653305E8-DD79-48D0-96AC-607D25776841}.Debug|Any CPU.Build.0 = Debug|Any CPU
		{653305E8-DD79-48D0-96AC-607D25776841}.Release|Any CPU.ActiveCfg = Release|Any CPU
		{653305E8-DD79-48D0-96AC-607D25776841}.Release|Any CPU.Build.0 = Release|Any CPU
	EndGlobalSection
	GlobalSection(SolutionProperties) = preSolution
		HideSolutionNode = FALSE
	EndGlobalSection
	GlobalSection(ExtensibilityGlobals) = postSolution
		SolutionGuid = {69D55A1D-93BF-4651-A3A4-9089A57AF0CF}
	EndGlobalSection
EndGlobal
