
Microsoft Visual Studio Solution File, Format Version 12.00
# Visual Studio 15
VisualStudioVersion = 15.0.26730.16
MinimumVisualStudioVersion = 10.0.40219.1
Project("{FAE04EC0-301F-11D3-BF4B-00C04F79EFBC}") = "SoulEngine", "SoulEngine\SoulEngine.csproj", "{EDBE1F02-0B03-4990-8811-AECAA30B4470}"
	ProjectSection(ProjectDependencies) = postProject
		{B6B9DB66-FB7D-45E0-8395-A428ADC8BAF5} = {B6B9DB66-FB7D-45E0-8395-A428ADC8BAF5}
	EndProjectSection
EndProject
Project("{FAE04EC0-301F-11D3-BF4B-00C04F79EFBC}") = "BuildHelper", "BuildHelper\BuildHelper.csproj", "{B6B9DB66-FB7D-45E0-8395-A428ADC8BAF5}"
EndProject
Project("{FAE04EC0-301F-11D3-BF4B-00C04F79EFBC}") = "Examples", "Examples\Examples.csproj", "{97B3E1A4-EC76-46E0-A457-08989D9DDD81}"
EndProject
Global
	GlobalSection(SolutionConfigurationPlatforms) = preSolution
		Debug|Any CPU = Debug|Any CPU
		Debug|Force 32bit = Debug|Force 32bit
		Debug|Force 64bit = Debug|Force 64bit
		Debug|Primary = Debug|Primary
		Release|Any CPU = Release|Any CPU
		Release|Force 32bit = Release|Force 32bit
		Release|Force 64bit = Release|Force 64bit
		Release|Primary = Release|Primary
	EndGlobalSection
	GlobalSection(ProjectConfigurationPlatforms) = postSolution
		{EDBE1F02-0B03-4990-8811-AECAA30B4470}.Debug|Any CPU.ActiveCfg = Debug|Any CPU
		{EDBE1F02-0B03-4990-8811-AECAA30B4470}.Debug|Any CPU.Build.0 = Debug|Any CPU
		{EDBE1F02-0B03-4990-8811-AECAA30B4470}.Debug|Force 32bit.ActiveCfg = Debug|x86
		{EDBE1F02-0B03-4990-8811-AECAA30B4470}.Debug|Force 32bit.Build.0 = Debug|x86
		{EDBE1F02-0B03-4990-8811-AECAA30B4470}.Debug|Force 64bit.ActiveCfg = Debug|x64
		{EDBE1F02-0B03-4990-8811-AECAA30B4470}.Debug|Force 64bit.Build.0 = Debug|x64
		{EDBE1F02-0B03-4990-8811-AECAA30B4470}.Debug|Primary.ActiveCfg = Debug|Any CPU
		{EDBE1F02-0B03-4990-8811-AECAA30B4470}.Debug|Primary.Build.0 = Debug|Any CPU
		{EDBE1F02-0B03-4990-8811-AECAA30B4470}.Release|Any CPU.ActiveCfg = Release|Any CPU
		{EDBE1F02-0B03-4990-8811-AECAA30B4470}.Release|Any CPU.Build.0 = Release|Any CPU
		{EDBE1F02-0B03-4990-8811-AECAA30B4470}.Release|Force 32bit.ActiveCfg = Release|x86
		{EDBE1F02-0B03-4990-8811-AECAA30B4470}.Release|Force 32bit.Build.0 = Release|x86
		{EDBE1F02-0B03-4990-8811-AECAA30B4470}.Release|Force 64bit.ActiveCfg = Release|x64
		{EDBE1F02-0B03-4990-8811-AECAA30B4470}.Release|Force 64bit.Build.0 = Release|x64
		{EDBE1F02-0B03-4990-8811-AECAA30B4470}.Release|Primary.ActiveCfg = Release|Any CPU
		{EDBE1F02-0B03-4990-8811-AECAA30B4470}.Release|Primary.Build.0 = Release|Any CPU
		{B6B9DB66-FB7D-45E0-8395-A428ADC8BAF5}.Debug|Any CPU.ActiveCfg = Debug|Any CPU
		{B6B9DB66-FB7D-45E0-8395-A428ADC8BAF5}.Debug|Any CPU.Build.0 = Debug|Any CPU
		{B6B9DB66-FB7D-45E0-8395-A428ADC8BAF5}.Debug|Force 32bit.ActiveCfg = Debug|x86
		{B6B9DB66-FB7D-45E0-8395-A428ADC8BAF5}.Debug|Force 32bit.Build.0 = Debug|x86
		{B6B9DB66-FB7D-45E0-8395-A428ADC8BAF5}.Debug|Force 64bit.ActiveCfg = Debug|x64
		{B6B9DB66-FB7D-45E0-8395-A428ADC8BAF5}.Debug|Force 64bit.Build.0 = Debug|x64
		{B6B9DB66-FB7D-45E0-8395-A428ADC8BAF5}.Debug|Primary.ActiveCfg = Debug|Any CPU
		{B6B9DB66-FB7D-45E0-8395-A428ADC8BAF5}.Debug|Primary.Build.0 = Debug|Any CPU
		{B6B9DB66-FB7D-45E0-8395-A428ADC8BAF5}.Release|Any CPU.ActiveCfg = Release|Any CPU
		{B6B9DB66-FB7D-45E0-8395-A428ADC8BAF5}.Release|Any CPU.Build.0 = Release|Any CPU
		{B6B9DB66-FB7D-45E0-8395-A428ADC8BAF5}.Release|Force 32bit.ActiveCfg = Release|x86
		{B6B9DB66-FB7D-45E0-8395-A428ADC8BAF5}.Release|Force 32bit.Build.0 = Release|x86
		{B6B9DB66-FB7D-45E0-8395-A428ADC8BAF5}.Release|Force 64bit.ActiveCfg = Release|x64
		{B6B9DB66-FB7D-45E0-8395-A428ADC8BAF5}.Release|Force 64bit.Build.0 = Release|x64
		{B6B9DB66-FB7D-45E0-8395-A428ADC8BAF5}.Release|Primary.ActiveCfg = Release|Any CPU
		{B6B9DB66-FB7D-45E0-8395-A428ADC8BAF5}.Release|Primary.Build.0 = Release|Any CPU
		{97B3E1A4-EC76-46E0-A457-08989D9DDD81}.Debug|Any CPU.ActiveCfg = Debug|Any CPU
		{97B3E1A4-EC76-46E0-A457-08989D9DDD81}.Debug|Any CPU.Build.0 = Debug|Any CPU
		{97B3E1A4-EC76-46E0-A457-08989D9DDD81}.Debug|Force 32bit.ActiveCfg = Debug|Any CPU
		{97B3E1A4-EC76-46E0-A457-08989D9DDD81}.Debug|Force 32bit.Build.0 = Debug|Any CPU
		{97B3E1A4-EC76-46E0-A457-08989D9DDD81}.Debug|Force 64bit.ActiveCfg = Debug|Any CPU
		{97B3E1A4-EC76-46E0-A457-08989D9DDD81}.Debug|Force 64bit.Build.0 = Debug|Any CPU
		{97B3E1A4-EC76-46E0-A457-08989D9DDD81}.Debug|Primary.ActiveCfg = Debug|Any CPU
		{97B3E1A4-EC76-46E0-A457-08989D9DDD81}.Debug|Primary.Build.0 = Debug|Any CPU
		{97B3E1A4-EC76-46E0-A457-08989D9DDD81}.Release|Any CPU.ActiveCfg = Release|Any CPU
		{97B3E1A4-EC76-46E0-A457-08989D9DDD81}.Release|Any CPU.Build.0 = Release|Any CPU
		{97B3E1A4-EC76-46E0-A457-08989D9DDD81}.Release|Force 32bit.ActiveCfg = Release|Any CPU
		{97B3E1A4-EC76-46E0-A457-08989D9DDD81}.Release|Force 32bit.Build.0 = Release|Any CPU
		{97B3E1A4-EC76-46E0-A457-08989D9DDD81}.Release|Force 64bit.ActiveCfg = Release|Any CPU
		{97B3E1A4-EC76-46E0-A457-08989D9DDD81}.Release|Force 64bit.Build.0 = Release|Any CPU
		{97B3E1A4-EC76-46E0-A457-08989D9DDD81}.Release|Primary.ActiveCfg = Release|Any CPU
		{97B3E1A4-EC76-46E0-A457-08989D9DDD81}.Release|Primary.Build.0 = Release|Any CPU
	EndGlobalSection
	GlobalSection(SolutionProperties) = preSolution
		HideSolutionNode = FALSE
	EndGlobalSection
	GlobalSection(ExtensibilityGlobals) = postSolution
		SolutionGuid = {C567A268-F5B5-4B1F-8A1B-6B2AAE5B4349}
	EndGlobalSection
EndGlobal
