
Microsoft Visual Studio Solution File, Format Version 12.00
# Visual Studio Version 16
VisualStudioVersion = 16.0.29230.61
MinimumVisualStudioVersion = 10.0.40219.1
Project("{9A19103F-16F7-4668-BE54-9A1E7A4F7556}") = "Emotion.Standard.FreeType", "Emotion.Standard.FreeType.csproj", "{8EBFD469-2D0F-4E65-B281-E3AA41A57B52}"
EndProject
Global
	GlobalSection(SolutionConfigurationPlatforms) = preSolution
		Debug|Any CPU = Debug|Any CPU
		Release|Any CPU = Release|Any CPU
	EndGlobalSection
	GlobalSection(ProjectConfigurationPlatforms) = postSolution
		{8EBFD469-2D0F-4E65-B281-E3AA41A57B52}.Debug|Any CPU.ActiveCfg = Debug|Any CPU
		{8EBFD469-2D0F-4E65-B281-E3AA41A57B52}.Debug|Any CPU.Build.0 = Debug|Any CPU
		{8EBFD469-2D0F-4E65-B281-E3AA41A57B52}.Release|Any CPU.ActiveCfg = Release|Any CPU
		{8EBFD469-2D0F-4E65-B281-E3AA41A57B52}.Release|Any CPU.Build.0 = Release|Any CPU
	EndGlobalSection
	GlobalSection(SolutionProperties) = preSolution
		HideSolutionNode = FALSE
	EndGlobalSection
	GlobalSection(ExtensibilityGlobals) = postSolution
		SolutionGuid = {E9A51349-C6CC-44CA-BC84-EADA464137FE}
	EndGlobalSection
EndGlobal
