
Microsoft Visual Studio Solution File, Format Version 12.00
# Visual Studio Version 16
VisualStudioVersion = 16.0.28711.60
MinimumVisualStudioVersion = 10.0.40219.1
Project("{9A19103F-16F7-4668-BE54-9A1E7A4F7556}") = "Adfectus.ImGuiNet", "Adfectus.ImGuiNet.csproj", "{2F38956A-5FDC-4E1A-81C7-7D7857C3984B}"
EndProject
Global
	GlobalSection(SolutionConfigurationPlatforms) = preSolution
		Debug|Any CPU = Debug|Any CPU
		Release|Any CPU = Release|Any CPU
	EndGlobalSection
	GlobalSection(ProjectConfigurationPlatforms) = postSolution
		{2F38956A-5FDC-4E1A-81C7-7D7857C3984B}.Debug|Any CPU.ActiveCfg = Debug|Any CPU
		{2F38956A-5FDC-4E1A-81C7-7D7857C3984B}.Debug|Any CPU.Build.0 = Debug|Any CPU
		{2F38956A-5FDC-4E1A-81C7-7D7857C3984B}.Release|Any CPU.ActiveCfg = Release|Any CPU
		{2F38956A-5FDC-4E1A-81C7-7D7857C3984B}.Release|Any CPU.Build.0 = Release|Any CPU
	EndGlobalSection
	GlobalSection(SolutionProperties) = preSolution
		HideSolutionNode = FALSE
	EndGlobalSection
	GlobalSection(ExtensibilityGlobals) = postSolution
		SolutionGuid = {7ED5073D-E589-4FC8-852E-473CA70B052D}
	EndGlobalSection
EndGlobal
