
Microsoft Visual Studio Solution File, Format Version 12.00
# Visual Studio Version 16
VisualStudioVersion = 16.0.28711.60
MinimumVisualStudioVersion = 10.0.40219.1
Project("{9A19103F-16F7-4668-BE54-9A1E7A4F7556}") = "Adfectus.OpenAL", "Adfectus.OpenAL.csproj", "{0DC07A86-F74A-4D25-97E2-220757A215E1}"
EndProject
Global
	GlobalSection(SolutionConfigurationPlatforms) = preSolution
		Debug|Any CPU = Debug|Any CPU
		Release|Any CPU = Release|Any CPU
	EndGlobalSection
	GlobalSection(ProjectConfigurationPlatforms) = postSolution
		{0DC07A86-F74A-4D25-97E2-220757A215E1}.Debug|Any CPU.ActiveCfg = Debug|Any CPU
		{0DC07A86-F74A-4D25-97E2-220757A215E1}.Debug|Any CPU.Build.0 = Debug|Any CPU
		{0DC07A86-F74A-4D25-97E2-220757A215E1}.Release|Any CPU.ActiveCfg = Release|Any CPU
		{0DC07A86-F74A-4D25-97E2-220757A215E1}.Release|Any CPU.Build.0 = Release|Any CPU
	EndGlobalSection
	GlobalSection(SolutionProperties) = preSolution
		HideSolutionNode = FALSE
	EndGlobalSection
	GlobalSection(ExtensibilityGlobals) = postSolution
		SolutionGuid = {09D288E2-0EED-4666-86E7-52C636C9F237}
	EndGlobalSection
EndGlobal
