
Microsoft Visual Studio Solution File, Format Version 12.00
# Visual Studio Version 16
VisualStudioVersion = 16.0.28711.60
MinimumVisualStudioVersion = 10.0.40219.1
Project("{9A19103F-16F7-4668-BE54-9A1E7A4F7556}") = "Adfectus.Glfw", "Adfectus.Glfw.csproj", "{D3019A50-CBCE-4EBB-9593-D04D6C561652}"
EndProject
Global
	GlobalSection(SolutionConfigurationPlatforms) = preSolution
		Debug|Any CPU = Debug|Any CPU
		Release|Any CPU = Release|Any CPU
	EndGlobalSection
	GlobalSection(ProjectConfigurationPlatforms) = postSolution
		{D3019A50-CBCE-4EBB-9593-D04D6C561652}.Debug|Any CPU.ActiveCfg = Debug|Any CPU
		{D3019A50-CBCE-4EBB-9593-D04D6C561652}.Debug|Any CPU.Build.0 = Debug|Any CPU
		{D3019A50-CBCE-4EBB-9593-D04D6C561652}.Release|Any CPU.ActiveCfg = Release|Any CPU
		{D3019A50-CBCE-4EBB-9593-D04D6C561652}.Release|Any CPU.Build.0 = Release|Any CPU
	EndGlobalSection
	GlobalSection(SolutionProperties) = preSolution
		HideSolutionNode = FALSE
	EndGlobalSection
	GlobalSection(ExtensibilityGlobals) = postSolution
		SolutionGuid = {F2344872-6128-41D6-AC3B-A827F028B11F}
	EndGlobalSection
EndGlobal
